// !$*UTF8*$!
{
	archiveVersion = 1;
	classes = {
	};
	objectVersion = 50;
	objects = {

/* Begin PBXBuildFile section */
		724C70AC22A6D96100EB83CF /* CircleImage.swift in Sources */ = {isa = PBXBuildFile; fileRef = 724C70AB22A6D96100EB83CF /* CircleImage.swift */; };
		72A5720222A6C4D50099EBC0 /* AppDelegate.swift in Sources */ = {isa = PBXBuildFile; fileRef = 72A5720122A6C4D50099EBC0 /* AppDelegate.swift */; };
		72A5720422A6C4D50099EBC0 /* SceneDelegate.swift in Sources */ = {isa = PBXBuildFile; fileRef = 72A5720322A6C4D50099EBC0 /* SceneDelegate.swift */; };
		72A5720622A6C4D50099EBC0 /* ContentView.swift in Sources */ = {isa = PBXBuildFile; fileRef = 72A5720522A6C4D50099EBC0 /* ContentView.swift */; };
		72A5720822A6C4D60099EBC0 /* Assets.xcassets in Resources */ = {isa = PBXBuildFile; fileRef = 72A5720722A6C4D60099EBC0 /* Assets.xcassets */; };
		72A5720B22A6C4D60099EBC0 /* Preview Assets.xcassets in Resources */ = {isa = PBXBuildFile; fileRef = 72A5720A22A6C4D60099EBC0 /* Preview Assets.xcassets */; };
		72A5720E22A6C4D60099EBC0 /* LaunchScreen.storyboard in Resources */ = {isa = PBXBuildFile; fileRef = 72A5720C22A6C4D60099EBC0 /* LaunchScreen.storyboard */; };
		72A5721922A6C4D60099EBC0 /* LandmarksTests.swift in Sources */ = {isa = PBXBuildFile; fileRef = 72A5721822A6C4D60099EBC0 /* LandmarksTests.swift */; };
		72A5722422A6C4D60099EBC0 /* LandmarksUITests.swift in Sources */ = {isa = PBXBuildFile; fileRef = 72A5722322A6C4D60099EBC0 /* LandmarksUITests.swift */; };
/* End PBXBuildFile section */

/* Begin PBXContainerItemProxy section */
		72A5721522A6C4D60099EBC0 /* PBXContainerItemProxy */ = {
			isa = PBXContainerItemProxy;
			containerPortal = 72A571F622A6C4D50099EBC0 /* Project object */;
			proxyType = 1;
			remoteGlobalIDString = 72A571FD22A6C4D50099EBC0;
			remoteInfo = Landmarks;
		};
		72A5722022A6C4D60099EBC0 /* PBXContainerItemProxy */ = {
			isa = PBXContainerItemProxy;
			containerPortal = 72A571F622A6C4D50099EBC0 /* Project object */;
			proxyType = 1;
			remoteGlobalIDString = 72A571FD22A6C4D50099EBC0;
			remoteInfo = Landmarks;
		};
/* End PBXContainerItemProxy section */

/* Begin PBXFileReference section */
		724C70AB22A6D96100EB83CF /* CircleImage.swift */ = {isa = PBXFileReference; lastKnownFileType = sourcecode.swift; path = CircleImage.swift; sourceTree = "<group>"; };
		72A571FE22A6C4D50099EBC0 /* Landmarks.app */ = {isa = PBXFileReference; explicitFileType = wrapper.application; includeInIndex = 0; path = Landmarks.app; sourceTree = BUILT_PRODUCTS_DIR; };
		72A5720122A6C4D50099EBC0 /* AppDelegate.swift */ = {isa = PBXFileReference; lastKnownFileType = sourcecode.swift; path = AppDelegate.swift; sourceTree = "<group>"; };
		72A5720322A6C4D50099EBC0 /* SceneDelegate.swift */ = {isa = PBXFileReference; lastKnownFileType = sourcecode.swift; path = SceneDelegate.swift; sourceTree = "<group>"; };
		72A5720522A6C4D50099EBC0 /* ContentView.swift */ = {isa = PBXFileReference; lastKnownFileType = sourcecode.swift; path = ContentView.swift; sourceTree = "<group>"; };
		72A5720722A6C4D60099EBC0 /* Assets.xcassets */ = {isa = PBXFileReference; lastKnownFileType = folder.assetcatalog; path = Assets.xcassets; sourceTree = "<group>"; };
		72A5720A22A6C4D60099EBC0 /* Preview Assets.xcassets */ = {isa = PBXFileReference; lastKnownFileType = folder.assetcatalog; path = "Preview Assets.xcassets"; sourceTree = "<group>"; };
		72A5720D22A6C4D60099EBC0 /* Base */ = {isa = PBXFileReference; lastKnownFileType = file.storyboard; name = Base; path = Base.lproj/LaunchScreen.storyboard; sourceTree = "<group>"; };
		72A5720F22A6C4D60099EBC0 /* Info.plist */ = {isa = PBXFileReference; lastKnownFileType = text.plist.xml; path = Info.plist; sourceTree = "<group>"; };
		72A5721422A6C4D60099EBC0 /* LandmarksTests.xctest */ = {isa = PBXFileReference; explicitFileType = wrapper.cfbundle; includeInIndex = 0; path = LandmarksTests.xctest; sourceTree = BUILT_PRODUCTS_DIR; };
		72A5721822A6C4D60099EBC0 /* LandmarksTests.swift */ = {isa = PBXFileReference; lastKnownFileType = sourcecode.swift; path = LandmarksTests.swift; sourceTree = "<group>"; };
		72A5721A22A6C4D60099EBC0 /* Info.plist */ = {isa = PBXFileReference; lastKnownFileType = text.plist.xml; path = Info.plist; sourceTree = "<group>"; };
		72A5721F22A6C4D60099EBC0 /* LandmarksUITests.xctest */ = {isa = PBXFileReference; explicitFileType = wrapper.cfbundle; includeInIndex = 0; path = LandmarksUITests.xctest; sourceTree = BUILT_PRODUCTS_DIR; };
		72A5722322A6C4D60099EBC0 /* LandmarksUITests.swift */ = {isa = PBXFileReference; lastKnownFileType = sourcecode.swift; path = LandmarksUITests.swift; sourceTree = "<group>"; };
		72A5722522A6C4D60099EBC0 /* Info.plist */ = {isa = PBXFileReference; lastKnownFileType = text.plist.xml; path = Info.plist; sourceTree = "<group>"; };
/* End PBXFileReference section */

/* Begin PBXFrameworksBuildPhase section */
		72A571FB22A6C4D50099EBC0 /* Frameworks */ = {
			isa = PBXFrameworksBuildPhase;
			buildActionMask = 2147483647;
			files = (
			);
			runOnlyForDeploymentPostprocessing = 0;
		};
		72A5721122A6C4D60099EBC0 /* Frameworks */ = {
			isa = PBXFrameworksBuildPhase;
			buildActionMask = 2147483647;
			files = (
			);
			runOnlyForDeploymentPostprocessing = 0;
		};
		72A5721C22A6C4D60099EBC0 /* Frameworks */ = {
			isa = PBXFrameworksBuildPhase;
			buildActionMask = 2147483647;
			files = (
			);
			runOnlyForDeploymentPostprocessing = 0;
		};
/* End PBXFrameworksBuildPhase section */

/* Begin PBXGroup section */
		72A571F522A6C4D50099EBC0 = {
			isa = PBXGroup;
			children = (
				72A5720022A6C4D50099EBC0 /* Landmarks */,
				72A5721722A6C4D60099EBC0 /* LandmarksTests */,
				72A5722222A6C4D60099EBC0 /* LandmarksUITests */,
				72A571FF22A6C4D50099EBC0 /* Products */,
			);
			sourceTree = "<group>";
		};
		72A571FF22A6C4D50099EBC0 /* Products */ = {
			isa = PBXGroup;
			children = (
				72A571FE22A6C4D50099EBC0 /* Landmarks.app */,
				72A5721422A6C4D60099EBC0 /* LandmarksTests.xctest */,
				72A5721F22A6C4D60099EBC0 /* LandmarksUITests.xctest */,
			);
			name = Products;
			sourceTree = "<group>";
		};
		72A5720022A6C4D50099EBC0 /* Landmarks */ = {
			isa = PBXGroup;
			children = (
				72A5720122A6C4D50099EBC0 /* AppDelegate.swift */,
				72A5720322A6C4D50099EBC0 /* SceneDelegate.swift */,
				72A5720522A6C4D50099EBC0 /* ContentView.swift */,
				72A5720722A6C4D60099EBC0 /* Assets.xcassets */,
				724C70AB22A6D96100EB83CF /* CircleImage.swift */,
				72A5720C22A6C4D60099EBC0 /* LaunchScreen.storyboard */,
				72A5720F22A6C4D60099EBC0 /* Info.plist */,
				72A5720922A6C4D60099EBC0 /* Preview Content */,
			);
			path = Landmarks;
			sourceTree = "<group>";
		};
		72A5720922A6C4D60099EBC0 /* Preview Content */ = {
			isa = PBXGroup;
			children = (
				72A5720A22A6C4D60099EBC0 /* Preview Assets.xcassets */,
			);
			path = "Preview Content";
			sourceTree = "<group>";
		};
		72A5721722A6C4D60099EBC0 /* LandmarksTests */ = {
			isa = PBXGroup;
			children = (
				72A5721822A6C4D60099EBC0 /* LandmarksTests.swift */,
				72A5721A22A6C4D60099EBC0 /* Info.plist */,
			);
			path = LandmarksTests;
			sourceTree = "<group>";
		};
		72A5722222A6C4D60099EBC0 /* LandmarksUITests */ = {
			isa = PBXGroup;
			children = (
				72A5722322A6C4D60099EBC0 /* LandmarksUITests.swift */,
				72A5722522A6C4D60099EBC0 /* Info.plist */,
			);
			path = LandmarksUITests;
			sourceTree = "<group>";
		};
/* End PBXGroup section */

/* Begin PBXNativeTarget section */
		72A571FD22A6C4D50099EBC0 /* Landmarks */ = {
			isa = PBXNativeTarget;
			buildConfigurationList = 72A5722822A6C4D60099EBC0 /* Build configuration list for PBXNativeTarget "Landmarks" */;
			buildPhases = (
				72A571FA22A6C4D50099EBC0 /* Sources */,
				72A571FB22A6C4D50099EBC0 /* Frameworks */,
				72A571FC22A6C4D50099EBC0 /* Resources */,
			);
			buildRules = (
			);
			dependencies = (
			);
			name = Landmarks;
			productName = Landmarks;
			productReference = 72A571FE22A6C4D50099EBC0 /* Landmarks.app */;
			productType = "com.apple.product-type.application";
		};
		72A5721322A6C4D60099EBC0 /* LandmarksTests */ = {
			isa = PBXNativeTarget;
			buildConfigurationList = 72A5722B22A6C4D60099EBC0 /* Build configuration list for PBXNativeTarget "LandmarksTests" */;
			buildPhases = (
				72A5721022A6C4D60099EBC0 /* Sources */,
				72A5721122A6C4D60099EBC0 /* Frameworks */,
				72A5721222A6C4D60099EBC0 /* Resources */,
			);
			buildRules = (
			);
			dependencies = (
				72A5721622A6C4D60099EBC0 /* PBXTargetDependency */,
			);
			name = LandmarksTests;
			productName = LandmarksTests;
			productReference = 72A5721422A6C4D60099EBC0 /* LandmarksTests.xctest */;
			productType = "com.apple.product-type.bundle.unit-test";
		};
		72A5721E22A6C4D60099EBC0 /* LandmarksUITests */ = {
			isa = PBXNativeTarget;
			buildConfigurationList = 72A5722E22A6C4D60099EBC0 /* Build configuration list for PBXNativeTarget "LandmarksUITests" */;
			buildPhases = (
				72A5721B22A6C4D60099EBC0 /* Sources */,
				72A5721C22A6C4D60099EBC0 /* Frameworks */,
				72A5721D22A6C4D60099EBC0 /* Resources */,
			);
			buildRules = (
			);
			dependencies = (
				72A5722122A6C4D60099EBC0 /* PBXTargetDependency */,
			);
			name = LandmarksUITests;
			productName = LandmarksUITests;
			productReference = 72A5721F22A6C4D60099EBC0 /* LandmarksUITests.xctest */;
			productType = "com.apple.product-type.bundle.ui-testing";
		};
/* End PBXNativeTarget section */

/* Begin PBXProject section */
		72A571F622A6C4D50099EBC0 /* Project object */ = {
			isa = PBXProject;
			attributes = {
				LastSwiftUpdateCheck = 1100;
				LastUpgradeCheck = 1100;
				ORGANIZATIONNAME = "Jarrod Davis";
				TargetAttributes = {
					72A571FD22A6C4D50099EBC0 = {
						CreatedOnToolsVersion = 11.0;
					};
					72A5721322A6C4D60099EBC0 = {
						CreatedOnToolsVersion = 11.0;
						TestTargetID = 72A571FD22A6C4D50099EBC0;
					};
					72A5721E22A6C4D60099EBC0 = {
						CreatedOnToolsVersion = 11.0;
						TestTargetID = 72A571FD22A6C4D50099EBC0;
					};
				};
			};
			buildConfigurationList = 72A571F922A6C4D50099EBC0 /* Build configuration list for PBXProject "Landmarks" */;
			compatibilityVersion = "Xcode 9.3";
			developmentRegion = en;
			hasScannedForEncodings = 0;
			knownRegions = (
				en,
				Base,
			);
			mainGroup = 72A571F522A6C4D50099EBC0;
			productRefGroup = 72A571FF22A6C4D50099EBC0 /* Products */;
			projectDirPath = "";
			projectRoot = "";
			targets = (
				72A571FD22A6C4D50099EBC0 /* Landmarks */,
				72A5721322A6C4D60099EBC0 /* LandmarksTests */,
				72A5721E22A6C4D60099EBC0 /* LandmarksUITests */,
			);
		};
/* End PBXProject section */

/* Begin PBXResourcesBuildPhase section */
		72A571FC22A6C4D50099EBC0 /* Resources */ = {
			isa = PBXResourcesBuildPhase;
			buildActionMask = 2147483647;
			files = (
				72A5720E22A6C4D60099EBC0 /* LaunchScreen.storyboard in Resources */,
				72A5720B22A6C4D60099EBC0 /* Preview Assets.xcassets in Resources */,
				72A5720822A6C4D60099EBC0 /* Assets.xcassets in Resources */,
			);
			runOnlyForDeploymentPostprocessing = 0;
		};
		72A5721222A6C4D60099EBC0 /* Resources */ = {
			isa = PBXResourcesBuildPhase;
			buildActionMask = 2147483647;
			files = (
			);
			runOnlyForDeploymentPostprocessing = 0;
		};
		72A5721D22A6C4D60099EBC0 /* Resources */ = {
			isa = PBXResourcesBuildPhase;
			buildActionMask = 2147483647;
			files = (
			);
			runOnlyForDeploymentPostprocessing = 0;
		};
/* End PBXResourcesBuildPhase section */

/* Begin PBXSourcesBuildPhase section */
		72A571FA22A6C4D50099EBC0 /* Sources */ = {
			isa = PBXSourcesBuildPhase;
			buildActionMask = 2147483647;
			files = (
				72A5720222A6C4D50099EBC0 /* AppDelegate.swift in Sources */,
				724C70AC22A6D96100EB83CF /* CircleImage.swift in Sources */,
				72A5720422A6C4D50099EBC0 /* SceneDelegate.swift in Sources */,
				72A5720622A6C4D50099EBC0 /* ContentView.swift in Sources */,
			);
			runOnlyForDeploymentPostprocessing = 0;
		};
		72A5721022A6C4D60099EBC0 /* Sources */ = {
			isa = PBXSourcesBuildPhase;
			buildActionMask = 2147483647;
			files = (
				72A5721922A6C4D60099EBC0 /* LandmarksTests.swift in Sources */,
			);
			runOnlyForDeploymentPostprocessing = 0;
		};
		72A5721B22A6C4D60099EBC0 /* Sources */ = {
			isa = PBXSourcesBuildPhase;
			buildActionMask = 2147483647;
			files = (
				72A5722422A6C4D60099EBC0 /* LandmarksUITests.swift in Sources */,
			);
			runOnlyForDeploymentPostprocessing = 0;
		};
/* End PBXSourcesBuildPhase section */

/* Begin PBXTargetDependency section */
		72A5721622A6C4D60099EBC0 /* PBXTargetDependency */ = {
			isa = PBXTargetDependency;
			target = 72A571FD22A6C4D50099EBC0 /* Landmarks */;
			targetProxy = 72A5721522A6C4D60099EBC0 /* PBXContainerItemProxy */;
		};
		72A5722122A6C4D60099EBC0 /* PBXTargetDependency */ = {
			isa = PBXTargetDependency;
			target = 72A571FD22A6C4D50099EBC0 /* Landmarks */;
			targetProxy = 72A5722022A6C4D60099EBC0 /* PBXContainerItemProxy */;
		};
/* End PBXTargetDependency section */

/* Begin PBXVariantGroup section */
		72A5720C22A6C4D60099EBC0 /* LaunchScreen.storyboard */ = {
			isa = PBXVariantGroup;
			children = (
				72A5720D22A6C4D60099EBC0 /* Base */,
			);
			name = LaunchScreen.storyboard;
			sourceTree = "<group>";
		};
/* End PBXVariantGroup section */

/* Begin XCBuildConfiguration section */
		72A5722622A6C4D60099EBC0 /* Debug */ = {
			isa = XCBuildConfiguration;
			buildSettings = {
				ALWAYS_SEARCH_USER_PATHS = NO;
				CLANG_ANALYZER_NONNULL = YES;
				CLANG_ANALYZER_NUMBER_OBJECT_CONVERSION = YES_AGGRESSIVE;
				CLANG_CXX_LANGUAGE_STANDARD = "gnu++14";
				CLANG_CXX_LIBRARY = "libc++";
				CLANG_ENABLE_MODULES = YES;
				CLANG_ENABLE_OBJC_ARC = YES;
				CLANG_ENABLE_OBJC_WEAK = YES;
				CLANG_WARN_BLOCK_CAPTURE_AUTORELEASING = YES;
				CLANG_WARN_BOOL_CONVERSION = YES;
				CLANG_WARN_COMMA = YES;
				CLANG_WARN_CONSTANT_CONVERSION = YES;
				CLANG_WARN_DEPRECATED_OBJC_IMPLEMENTATIONS = YES;
				CLANG_WARN_DIRECT_OBJC_ISA_USAGE = YES_ERROR;
				CLANG_WARN_DOCUMENTATION_COMMENTS = YES;
				CLANG_WARN_EMPTY_BODY = YES;
				CLANG_WARN_ENUM_CONVERSION = YES;
				CLANG_WARN_INFINITE_RECURSION = YES;
				CLANG_WARN_INT_CONVERSION = YES;
				CLANG_WARN_NON_LITERAL_NULL_CONVERSION = YES;
				CLANG_WARN_OBJC_IMPLICIT_RETAIN_SELF = YES;
				CLANG_WARN_OBJC_LITERAL_CONVERSION = YES;
				CLANG_WARN_OBJC_ROOT_CLASS = YES_ERROR;
				CLANG_WARN_RANGE_LOOP_ANALYSIS = YES;
				CLANG_WARN_STRICT_PROTOTYPES = YES;
				CLANG_WARN_SUSPICIOUS_MOVE = YES;
				CLANG_WARN_UNGUARDED_AVAILABILITY = YES_AGGRESSIVE;
				CLANG_WARN_UNREACHABLE_CODE = YES;
				CLANG_WARN__DUPLICATE_METHOD_MATCH = YES;
				COPY_PHASE_STRIP = NO;
				DEBUG_INFORMATION_FORMAT = dwarf;
				ENABLE_STRICT_OBJC_MSGSEND = YES;
				ENABLE_TESTABILITY = YES;
				GCC_C_LANGUAGE_STANDARD = gnu11;
				GCC_DYNAMIC_NO_PIC = NO;
				GCC_NO_COMMON_BLOCKS = YES;
				GCC_OPTIMIZATION_LEVEL = 0;
				GCC_PREPROCESSOR_DEFINITIONS = (
					"DEBUG=1",
					"$(inherited)",
				);
				GCC_WARN_64_TO_32_BIT_CONVERSION = YES;
				GCC_WARN_ABOUT_RETURN_TYPE = YES_ERROR;
				GCC_WARN_UNDECLARED_SELECTOR = YES;
				GCC_WARN_UNINITIALIZED_AUTOS = YES_AGGRESSIVE;
				GCC_WARN_UNUSED_FUNCTION = YES;
				GCC_WARN_UNUSED_VARIABLE = YES;
				IPHONEOS_DEPLOYMENT_TARGET = 13.0;
				MTL_ENABLE_DEBUG_INFO = INCLUDE_SOURCE;
				MTL_FAST_MATH = YES;
				ONLY_ACTIVE_ARCH = YES;
				SDKROOT = iphoneos;
				SWIFT_ACTIVE_COMPILATION_CONDITIONS = DEBUG;
				SWIFT_OPTIMIZATION_LEVEL = "-Onone";
			};
			name = Debug;
		};
		72A5722722A6C4D60099EBC0 /* Release */ = {
			isa = XCBuildConfiguration;
			buildSettings = {
				ALWAYS_SEARCH_USER_PATHS = NO;
				CLANG_ANALYZER_NONNULL = YES;
				CLANG_ANALYZER_NUMBER_OBJECT_CONVERSION = YES_AGGRESSIVE;
				CLANG_CXX_LANGUAGE_STANDARD = "gnu++14";
				CLANG_CXX_LIBRARY = "libc++";
				CLANG_ENABLE_MODULES = YES;
				CLANG_ENABLE_OBJC_ARC = YES;
				CLANG_ENABLE_OBJC_WEAK = YES;
				CLANG_WARN_BLOCK_CAPTURE_AUTORELEASING = YES;
				CLANG_WARN_BOOL_CONVERSION = YES;
				CLANG_WARN_COMMA = YES;
				CLANG_WARN_CONSTANT_CONVERSION = YES;
				CLANG_WARN_DEPRECATED_OBJC_IMPLEMENTATIONS = YES;
				CLANG_WARN_DIRECT_OBJC_ISA_USAGE = YES_ERROR;
				CLANG_WARN_DOCUMENTATION_COMMENTS = YES;
				CLANG_WARN_EMPTY_BODY = YES;
				CLANG_WARN_ENUM_CONVERSION = YES;
				CLANG_WARN_INFINITE_RECURSION = YES;
				CLANG_WARN_INT_CONVERSION = YES;
				CLANG_WARN_NON_LITERAL_NULL_CONVERSION = YES;
				CLANG_WARN_OBJC_IMPLICIT_RETAIN_SELF = YES;
				CLANG_WARN_OBJC_LITERAL_CONVERSION = YES;
				CLANG_WARN_OBJC_ROOT_CLASS = YES_ERROR;
				CLANG_WARN_RANGE_LOOP_ANALYSIS = YES;
				CLANG_WARN_STRICT_PROTOTYPES = YES;
				CLANG_WARN_SUSPICIOUS_MOVE = YES;
				CLANG_WARN_UNGUARDED_AVAILABILITY = YES_AGGRESSIVE;
				CLANG_WARN_UNREACHABLE_CODE = YES;
				CLANG_WARN__DUPLICATE_METHOD_MATCH = YES;
				COPY_PHASE_STRIP = NO;
				DEBUG_INFORMATION_FORMAT = "dwarf-with-dsym";
				ENABLE_NS_ASSERTIONS = NO;
				ENABLE_STRICT_OBJC_MSGSEND = YES;
				GCC_C_LANGUAGE_STANDARD = gnu11;
				GCC_NO_COMMON_BLOCKS = YES;
				GCC_WARN_64_TO_32_BIT_CONVERSION = YES;
				GCC_WARN_ABOUT_RETURN_TYPE = YES_ERROR;
				GCC_WARN_UNDECLARED_SELECTOR = YES;
				GCC_WARN_UNINITIALIZED_AUTOS = YES_AGGRESSIVE;
				GCC_WARN_UNUSED_FUNCTION = YES;
				GCC_WARN_UNUSED_VARIABLE = YES;
				IPHONEOS_DEPLOYMENT_TARGET = 13.0;
				MTL_ENABLE_DEBUG_INFO = NO;
				MTL_FAST_MATH = YES;
				SDKROOT = iphoneos;
				SWIFT_COMPILATION_MODE = wholemodule;
				SWIFT_OPTIMIZATION_LEVEL = "-O";
				VALIDATE_PRODUCT = YES;
			};
			name = Release;
		};
		72A5722922A6C4D60099EBC0 /* Debug */ = {
			isa = XCBuildConfiguration;
			buildSettings = {
				ASSETCATALOG_COMPILER_APPICON_NAME = AppIcon;
				CODE_SIGN_STYLE = Automatic;
				DEVELOPMENT_ASSET_PATHS = "Landmarks/Preview\\ Content";
				DEVELOPMENT_TEAM = 9FR7CJRTY5;
				ENABLE_PREVIEWS = YES;
				INFOPLIST_FILE = Landmarks/Info.plist;
				LD_RUNPATH_SEARCH_PATHS = (
					"$(inherited)",
					"@executable_path/Frameworks",
				);
				PRODUCT_BUNDLE_IDENTIFIER = com.jarrodldavis.Landmarks;
				PRODUCT_NAME = "$(TARGET_NAME)";
				SWIFT_VERSION = 5.0;
				TARGETED_DEVICE_FAMILY = "1,2";
			};
			name = Debug;
		};
		72A5722A22A6C4D60099EBC0 /* Release */ = {
			isa = XCBuildConfiguration;
			buildSettings = {
				ASSETCATALOG_COMPILER_APPICON_NAME = AppIcon;
				CODE_SIGN_STYLE = Automatic;
				DEVELOPMENT_ASSET_PATHS = "Landmarks/Preview\\ Content";
				DEVELOPMENT_TEAM = 9FR7CJRTY5;
				ENABLE_PREVIEWS = YES;
				INFOPLIST_FILE = Landmarks/Info.plist;
				LD_RUNPATH_SEARCH_PATHS = (
					"$(inherited)",
					"@executable_path/Frameworks",
				);
				PRODUCT_BUNDLE_IDENTIFIER = com.jarrodldavis.Landmarks;
				PRODUCT_NAME = "$(TARGET_NAME)";
				SWIFT_VERSION = 5.0;
				TARGETED_DEVICE_FAMILY = "1,2";
			};
			name = Release;
		};
		72A5722C22A6C4D60099EBC0 /* Debug */ = {
			isa = XCBuildConfiguration;
			buildSettings = {
				ALWAYS_EMBED_SWIFT_STANDARD_LIBRARIES = YES;
				BUNDLE_LOADER = "$(TEST_HOST)";
				CODE_SIGN_STYLE = Automatic;
				DEVELOPMENT_TEAM = 9FR7CJRTY5;
				INFOPLIST_FILE = LandmarksTests/Info.plist;
				LD_RUNPATH_SEARCH_PATHS = (
					"$(inherited)",
					"@executable_path/Frameworks",
					"@loader_path/Frameworks",
				);
				PRODUCT_BUNDLE_IDENTIFIER = com.jarrodldavis.LandmarksTests;
				PRODUCT_NAME = "$(TARGET_NAME)";
				SWIFT_VERSION = 5.0;
				TARGETED_DEVICE_FAMILY = "1,2";
				TEST_HOST = "$(BUILT_PRODUCTS_DIR)/Landmarks.app/Landmarks";
			};
			name = Debug;
		};
		72A5722D22A6C4D60099EBC0 /* Release */ = {
			isa = XCBuildConfiguration;
			buildSettings = {
				ALWAYS_EMBED_SWIFT_STANDARD_LIBRARIES = YES;
				BUNDLE_LOADER = "$(TEST_HOST)";
				CODE_SIGN_STYLE = Automatic;
				DEVELOPMENT_TEAM = 9FR7CJRTY5;
				INFOPLIST_FILE = LandmarksTests/Info.plist;
				LD_RUNPATH_SEARCH_PATHS = (
					"$(inherited)",
					"@executable_path/Frameworks",
					"@loader_path/Frameworks",
				);
				PRODUCT_BUNDLE_IDENTIFIER = com.jarrodldavis.LandmarksTests;
				PRODUCT_NAME = "$(TARGET_NAME)";
				SWIFT_VERSION = 5.0;
				TARGETED_DEVICE_FAMILY = "1,2";
				TEST_HOST = "$(BUILT_PRODUCTS_DIR)/Landmarks.app/Landmarks";
			};
			name = Release;
		};
		72A5722F22A6C4D60099EBC0 /* Debug */ = {
			isa = XCBuildConfiguration;
			buildSettings = {
				ALWAYS_EMBED_SWIFT_STANDARD_LIBRARIES = YES;
				CODE_SIGN_STYLE = Automatic;
				DEVELOPMENT_TEAM = 9FR7CJRTY5;
				INFOPLIST_FILE = LandmarksUITests/Info.plist;
				LD_RUNPATH_SEARCH_PATHS = (
					"$(inherited)",
					"@executable_path/Frameworks",
					"@loader_path/Frameworks",
				);
				PRODUCT_BUNDLE_IDENTIFIER = com.jarrodldavis.LandmarksUITests;
				PRODUCT_NAME = "$(TARGET_NAME)";
				SWIFT_VERSION = 5.0;
				TARGETED_DEVICE_FAMILY = "1,2";
				TEST_TARGET_NAME = Landmarks;
			};
			name = Debug;
		};
		72A5723022A6C4D60099EBC0 /* Release */ = {
			isa = XCBuildConfiguration;
			buildSettings = {
				ALWAYS_EMBED_SWIFT_STANDARD_LIBRARIES = YES;
				CODE_SIGN_STYLE = Automatic;
				DEVELOPMENT_TEAM = 9FR7CJRTY5;
				INFOPLIST_FILE = LandmarksUITests/Info.plist;
				LD_RUNPATH_SEARCH_PATHS = (
					"$(inherited)",
					"@executable_path/Frameworks",
					"@loader_path/Frameworks",
				);
				PRODUCT_BUNDLE_IDENTIFIER = com.jarrodldavis.LandmarksUITests;
				PRODUCT_NAME = "$(TARGET_NAME)";
				SWIFT_VERSION = 5.0;
				TARGETED_DEVICE_FAMILY = "1,2";
				TEST_TARGET_NAME = Landmarks;
			};
			name = Release;
		};
/* End XCBuildConfiguration section */

/* Begin XCConfigurationList section */
		72A571F922A6C4D50099EBC0 /* Build configuration list for PBXProject "Landmarks" */ = {
			isa = XCConfigurationList;
			buildConfigurations = (
				72A5722622A6C4D60099EBC0 /* Debug */,
				72A5722722A6C4D60099EBC0 /* Release */,
			);
			defaultConfigurationIsVisible = 0;
			defaultConfigurationName = Release;
		};
		72A5722822A6C4D60099EBC0 /* Build configuration list for PBXNativeTarget "Landmarks" */ = {
			isa = XCConfigurationList;
			buildConfigurations = (
				72A5722922A6C4D60099EBC0 /* Debug */,
				72A5722A22A6C4D60099EBC0 /* Release */,
			);
			defaultConfigurationIsVisible = 0;
			defaultConfigurationName = Release;
		};
		72A5722B22A6C4D60099EBC0 /* Build configuration list for PBXNativeTarget "LandmarksTests" */ = {
			isa = XCConfigurationList;
			buildConfigurations = (
				72A5722C22A6C4D60099EBC0 /* Debug */,
				72A5722D22A6C4D60099EBC0 /* Release */,
			);
			defaultConfigurationIsVisible = 0;
			defaultConfigurationName = Release;
		};
		72A5722E22A6C4D60099EBC0 /* Build configuration list for PBXNativeTarget "LandmarksUITests" */ = {
			isa = XCConfigurationList;
			buildConfigurations = (
				72A5722F22A6C4D60099EBC0 /* Debug */,
				72A5723022A6C4D60099EBC0 /* Release */,
			);
			defaultConfigurationIsVisible = 0;
			defaultConfigurationName = Release;
		};
/* End XCConfigurationList section */
	};
	rootObject = 72A571F622A6C4D50099EBC0 /* Project object */;
}
